
Microsoft Visual Studio Solution File, Format Version 12.00
# Visual Studio 15
VisualStudioVersion = 15.0.27703.2035
MinimumVisualStudioVersion = 10.0.40219.1
Project("{FAE04EC0-301F-11D3-BF4B-00C04F79EFBC}") = "spajer", "spajer\spajer.csproj", "{D1D0583E-7941-4EEB-8B5F-F074D6787691}"
EndProject
Project("{FAE04EC0-301F-11D3-BF4B-00C04F79EFBC}") = "spajerTests", "spajerTests\spajerTests.csproj", "{22C2715B-B9F9-4633-A13A-27DABD1E3B46}"
EndProject
Global
	GlobalSection(SolutionConfigurationPlatforms) = preSolution
		Debug|Any CPU = Debug|Any CPU
		Release|Any CPU = Release|Any CPU
	EndGlobalSection
	GlobalSection(ProjectConfigurationPlatforms) = postSolution
		{D1D0583E-7941-4EEB-8B5F-F074D6787691}.Debug|Any CPU.ActiveCfg = Debug|Any CPU
		{D1D0583E-7941-4EEB-8B5F-F074D6787691}.Debug|Any CPU.Build.0 = Debug|Any CPU
		{D1D0583E-7941-4EEB-8B5F-F074D6787691}.Release|Any CPU.ActiveCfg = Release|Any CPU
		{D1D0583E-7941-4EEB-8B5F-F074D6787691}.Release|Any CPU.Build.0 = Release|Any CPU
		{22C2715B-B9F9-4633-A13A-27DABD1E3B46}.Debug|Any CPU.ActiveCfg = Debug|Any CPU
		{22C2715B-B9F9-4633-A13A-27DABD1E3B46}.Debug|Any CPU.Build.0 = Debug|Any CPU
		{22C2715B-B9F9-4633-A13A-27DABD1E3B46}.Release|Any CPU.ActiveCfg = Release|Any CPU
		{22C2715B-B9F9-4633-A13A-27DABD1E3B46}.Release|Any CPU.Build.0 = Release|Any CPU
	EndGlobalSection
	GlobalSection(SolutionProperties) = preSolution
		HideSolutionNode = FALSE
	EndGlobalSection
	GlobalSection(ExtensibilityGlobals) = postSolution
		SolutionGuid = {37E5A480-0937-4B50-8C37-E7DE3F53CAA4}
	EndGlobalSection
EndGlobal
